
Microsoft Visual Studio Solution File, Format Version 12.00
# Visual Studio 2013
VisualStudioVersion = 12.0.21005.1
MinimumVisualStudioVersion = 10.0.40219.1
Project("{FAE04EC0-301F-11D3-BF4B-00C04F79EFBC}") = "Logic", "Logic\Logic.csproj", "{D1BCAFA5-656B-4AA4-9DFE-91E5B6C24200}"
EndProject
Project("{FAE04EC0-301F-11D3-BF4B-00C04F79EFBC}") = "Tests", "Tests\Tests.csproj", "{ABBE5DBA-E066-4753-BB04-554AC57A089C}"
EndProject
Project("{FAE04EC0-301F-11D3-BF4B-00C04F79EFBC}") = "FirstTask", "FirstTask\FirstTask.csproj", "{7CB69927-A06C-40D6-87ED-254F63A1CDA3}"
EndProject
Project("{FAE04EC0-301F-11D3-BF4B-00C04F79EFBC}") = "SecondTask", "SecondTask\SecondTask.csproj", "{A91836FD-14AD-453E-8486-4D92C4615FE0}"
EndProject
Global
	GlobalSection(SolutionConfigurationPlatforms) = preSolution
		Debug|Any CPU = Debug|Any CPU
		Release|Any CPU = Release|Any CPU
	EndGlobalSection
	GlobalSection(ProjectConfigurationPlatforms) = postSolution
		{D1BCAFA5-656B-4AA4-9DFE-91E5B6C24200}.Debug|Any CPU.ActiveCfg = Debug|Any CPU
		{D1BCAFA5-656B-4AA4-9DFE-91E5B6C24200}.Debug|Any CPU.Build.0 = Debug|Any CPU
		{D1BCAFA5-656B-4AA4-9DFE-91E5B6C24200}.Release|Any CPU.ActiveCfg = Release|Any CPU
		{D1BCAFA5-656B-4AA4-9DFE-91E5B6C24200}.Release|Any CPU.Build.0 = Release|Any CPU
		{ABBE5DBA-E066-4753-BB04-554AC57A089C}.Debug|Any CPU.ActiveCfg = Debug|Any CPU
		{ABBE5DBA-E066-4753-BB04-554AC57A089C}.Debug|Any CPU.Build.0 = Debug|Any CPU
		{ABBE5DBA-E066-4753-BB04-554AC57A089C}.Release|Any CPU.ActiveCfg = Release|Any CPU
		{ABBE5DBA-E066-4753-BB04-554AC57A089C}.Release|Any CPU.Build.0 = Release|Any CPU
		{7CB69927-A06C-40D6-87ED-254F63A1CDA3}.Debug|Any CPU.ActiveCfg = Debug|Any CPU
		{7CB69927-A06C-40D6-87ED-254F63A1CDA3}.Debug|Any CPU.Build.0 = Debug|Any CPU
		{7CB69927-A06C-40D6-87ED-254F63A1CDA3}.Release|Any CPU.ActiveCfg = Release|Any CPU
		{7CB69927-A06C-40D6-87ED-254F63A1CDA3}.Release|Any CPU.Build.0 = Release|Any CPU
		{A91836FD-14AD-453E-8486-4D92C4615FE0}.Debug|Any CPU.ActiveCfg = Debug|Any CPU
		{A91836FD-14AD-453E-8486-4D92C4615FE0}.Debug|Any CPU.Build.0 = Debug|Any CPU
		{A91836FD-14AD-453E-8486-4D92C4615FE0}.Release|Any CPU.ActiveCfg = Release|Any CPU
		{A91836FD-14AD-453E-8486-4D92C4615FE0}.Release|Any CPU.Build.0 = Release|Any CPU
	EndGlobalSection
	GlobalSection(SolutionProperties) = preSolution
		HideSolutionNode = FALSE
	EndGlobalSection
EndGlobal
